Microsoft Visual Studio Solution File, Format Version 12.00
# Visual Studio Version 17
VisualStudioVersion = 17.10.35013.160
MinimumVisualStudioVersion = 10.0.40219.1
Project("{9A19103F-16F7-4668-BE54-9A1E7A4F7556}") = "MakeAppointment.AppHost", "MakeAppointment.AppHost\MakeAppointment.AppHost.csproj", "{27F6588E-FEAC-4D60-B1DD-92C9837CF113}"
EndProject
Project("{9A19103F-16F7-4668-BE54-9A1E7A4F7556}") = "MakeAppointment.ServiceDefaults", "MakeAppointment.ServiceDefaults\MakeAppointment.ServiceDefaults.csproj", "{7BE5C757-8914-40A1-AE31-8C76888A663F}"
EndProject
Project("{9A19103F-16F7-4668-BE54-9A1E7A4F7556}") = "WebClient", "WebClient\WebClient.csproj", "{304F3FE5-3956-48C2-A756-91F4A7764509}"
EndProject
Project("{9A19103F-16F7-4668-BE54-9A1E7A4F7556}") = "Appointment.API", "Appointment\Appointment.API.csproj", "{DC76782D-6B82-47DC-A85D-901EF0BA3632}"
EndProject
Project("{9A19103F-16F7-4668-BE54-9A1E7A4F7556}") = "ProcessCalendar.API", "ProcessCalendar.API\ProcessCalendar.API.csproj", "{C83417AE-2530-4466-B9BE-A4A969571590}"
EndProject
Project("{9A19103F-16F7-4668-BE54-9A1E7A4F7556}") = "Common", "Common\Common.csproj", "{41C71B68-B96F-4EAD-A332-3425B8F6C68C}"
EndProject
Project("{9A19103F-16F7-4668-BE54-9A1E7A4F7556}") = "ReverseProxy", "ReverseProxy\ReverseProxy.csproj", "{6266AD08-F148-453E-80B7-481C15110132}"
EndProject
Project("{9A19103F-16F7-4668-BE54-9A1E7A4F7556}") = "WebHook.API", "WebHook.API\WebHook.API.csproj", "{00898C37-3256-449B-873F-F7CE36F0B383}"
EndProject
Global
	GlobalSection(SolutionConfigurationPlatforms) = preSolution
		Debug|Any CPU = Debug|Any CPU
		Release|Any CPU = Release|Any CPU
	EndGlobalSection
	GlobalSection(ProjectConfigurationPlatforms) = postSolution
		{27F6588E-FEAC-4D60-B1DD-92C9837CF113}.Debug|Any CPU.ActiveCfg = Debug|Any CPU
		{27F6588E-FEAC-4D60-B1DD-92C9837CF113}.Debug|Any CPU.Build.0 = Debug|Any CPU
		{27F6588E-FEAC-4D60-B1DD-92C9837CF113}.Release|Any CPU.ActiveCfg = Release|Any CPU
		{27F6588E-FEAC-4D60-B1DD-92C9837CF113}.Release|Any CPU.Build.0 = Release|Any CPU
		{7BE5C757-8914-40A1-AE31-8C76888A663F}.Debug|Any CPU.ActiveCfg = Debug|Any CPU
		{7BE5C757-8914-40A1-AE31-8C76888A663F}.Debug|Any CPU.Build.0 = Debug|Any CPU
		{7BE5C757-8914-40A1-AE31-8C76888A663F}.Release|Any CPU.ActiveCfg = Release|Any CPU
		{7BE5C757-8914-40A1-AE31-8C76888A663F}.Release|Any CPU.Build.0 = Release|Any CPU
		{304F3FE5-3956-48C2-A756-91F4A7764509}.Debug|Any CPU.ActiveCfg = Debug|Any CPU
		{304F3FE5-3956-48C2-A756-91F4A7764509}.Debug|Any CPU.Build.0 = Debug|Any CPU
		{304F3FE5-3956-48C2-A756-91F4A7764509}.Release|Any CPU.ActiveCfg = Release|Any CPU
		{304F3FE5-3956-48C2-A756-91F4A7764509}.Release|Any CPU.Build.0 = Release|Any CPU
		{DC76782D-6B82-47DC-A85D-901EF0BA3632}.Debug|Any CPU.ActiveCfg = Debug|Any CPU
		{DC76782D-6B82-47DC-A85D-901EF0BA3632}.Debug|Any CPU.Build.0 = Debug|Any CPU
		{DC76782D-6B82-47DC-A85D-901EF0BA3632}.Release|Any CPU.ActiveCfg = Release|Any CPU
		{DC76782D-6B82-47DC-A85D-901EF0BA3632}.Release|Any CPU.Build.0 = Release|Any CPU
		{C83417AE-2530-4466-B9BE-A4A969571590}.Debug|Any CPU.ActiveCfg = Debug|Any CPU
		{C83417AE-2530-4466-B9BE-A4A969571590}.Debug|Any CPU.Build.0 = Debug|Any CPU
		{C83417AE-2530-4466-B9BE-A4A969571590}.Release|Any CPU.ActiveCfg = Release|Any CPU
		{C83417AE-2530-4466-B9BE-A4A969571590}.Release|Any CPU.Build.0 = Release|Any CPU
		{41C71B68-B96F-4EAD-A332-3425B8F6C68C}.Debug|Any CPU.ActiveCfg = Debug|Any CPU
		{41C71B68-B96F-4EAD-A332-3425B8F6C68C}.Debug|Any CPU.Build.0 = Debug|Any CPU
		{41C71B68-B96F-4EAD-A332-3425B8F6C68C}.Release|Any CPU.ActiveCfg = Release|Any CPU
		{41C71B68-B96F-4EAD-A332-3425B8F6C68C}.Release|Any CPU.Build.0 = Release|Any CPU
		{6266AD08-F148-453E-80B7-481C15110132}.Debug|Any CPU.ActiveCfg = Debug|Any CPU
		{6266AD08-F148-453E-80B7-481C15110132}.Debug|Any CPU.Build.0 = Debug|Any CPU
		{6266AD08-F148-453E-80B7-481C15110132}.Release|Any CPU.ActiveCfg = Release|Any CPU
		{6266AD08-F148-453E-80B7-481C15110132}.Release|Any CPU.Build.0 = Release|Any CPU
		{00898C37-3256-449B-873F-F7CE36F0B383}.Debug|Any CPU.ActiveCfg = Debug|Any CPU
		{00898C37-3256-449B-873F-F7CE36F0B383}.Debug|Any CPU.Build.0 = Debug|Any CPU
		{00898C37-3256-449B-873F-F7CE36F0B383}.Release|Any CPU.ActiveCfg = Release|Any CPU
		{00898C37-3256-449B-873F-F7CE36F0B383}.Release|Any CPU.Build.0 = Release|Any CPU
	EndGlobalSection
	GlobalSection(SolutionProperties) = preSolution
		HideSolutionNode = FALSE
	EndGlobalSection
	GlobalSection(ExtensibilityGlobals) = postSolution
		SolutionGuid = {2907652F-8740-4630-87CC-F1D0AF25DFA6}
	EndGlobalSection
EndGlobal
